
Microsoft Visual Studio Solution File, Format Version 12.00
# Visual Studio 15
VisualStudioVersion = 15.0.26730.16
MinimumVisualStudioVersion = 10.0.40219.1
Project("{FAE04EC0-301F-11D3-BF4B-00C04F79EFBC}") = "6 palette", "6 palette\6 palette.csproj", "{0D764158-ED99-4076-B874-2437B511A9EF}"
EndProject
Global
	GlobalSection(SolutionConfigurationPlatforms) = preSolution
		Debug|Any CPU = Debug|Any CPU
		Release|Any CPU = Release|Any CPU
	EndGlobalSection
	GlobalSection(ProjectConfigurationPlatforms) = postSolution
		{0D764158-ED99-4076-B874-2437B511A9EF}.Debug|Any CPU.ActiveCfg = Debug|Any CPU
		{0D764158-ED99-4076-B874-2437B511A9EF}.Debug|Any CPU.Build.0 = Debug|Any CPU
		{0D764158-ED99-4076-B874-2437B511A9EF}.Release|Any CPU.ActiveCfg = Release|Any CPU
		{0D764158-ED99-4076-B874-2437B511A9EF}.Release|Any CPU.Build.0 = Release|Any CPU
	EndGlobalSection
	GlobalSection(SolutionProperties) = preSolution
		HideSolutionNode = FALSE
	EndGlobalSection
	GlobalSection(ExtensibilityGlobals) = postSolution
		SolutionGuid = {8091B4F9-EEEF-4363-9324-27824D93B398}
	EndGlobalSection
EndGlobal
