
Microsoft Visual Studio Solution File, Format Version 12.00
# Visual Studio 15
VisualStudioVersion = 15.0.26730.16
MinimumVisualStudioVersion = 10.0.40219.1
Project("{8BC9CEB8-8B4A-11D0-8D11-00A0C91BC942}") = "dllproject", "dllproject\dllproject.vcxproj", "{1D03672D-B3BF-4162-898E-401C9CF19BA1}"
EndProject
Project("{8BC9CEB8-8B4A-11D0-8D11-00A0C91BC942}") = "Project1", "Project1\Project1.vcxproj", "{2C000686-0081-4D76-94EF-E83888459777}"
EndProject
Global
	GlobalSection(SolutionConfigurationPlatforms) = preSolution
		Debug|x64 = Debug|x64
		Debug|x86 = Debug|x86
		Release|x64 = Release|x64
		Release|x86 = Release|x86
	EndGlobalSection
	GlobalSection(ProjectConfigurationPlatforms) = postSolution
		{1D03672D-B3BF-4162-898E-401C9CF19BA1}.Debug|x64.ActiveCfg = Debug|x64
		{1D03672D-B3BF-4162-898E-401C9CF19BA1}.Debug|x64.Build.0 = Debug|x64
		{1D03672D-B3BF-4162-898E-401C9CF19BA1}.Debug|x86.ActiveCfg = Debug|Win32
		{1D03672D-B3BF-4162-898E-401C9CF19BA1}.Debug|x86.Build.0 = Debug|Win32
		{1D03672D-B3BF-4162-898E-401C9CF19BA1}.Release|x64.ActiveCfg = Release|x64
		{1D03672D-B3BF-4162-898E-401C9CF19BA1}.Release|x64.Build.0 = Release|x64
		{1D03672D-B3BF-4162-898E-401C9CF19BA1}.Release|x86.ActiveCfg = Release|Win32
		{1D03672D-B3BF-4162-898E-401C9CF19BA1}.Release|x86.Build.0 = Release|Win32
		{2C000686-0081-4D76-94EF-E83888459777}.Debug|x64.ActiveCfg = Debug|x64
		{2C000686-0081-4D76-94EF-E83888459777}.Debug|x64.Build.0 = Debug|x64
		{2C000686-0081-4D76-94EF-E83888459777}.Debug|x86.ActiveCfg = Debug|Win32
		{2C000686-0081-4D76-94EF-E83888459777}.Debug|x86.Build.0 = Debug|Win32
		{2C000686-0081-4D76-94EF-E83888459777}.Release|x64.ActiveCfg = Release|x64
		{2C000686-0081-4D76-94EF-E83888459777}.Release|x64.Build.0 = Release|x64
		{2C000686-0081-4D76-94EF-E83888459777}.Release|x86.ActiveCfg = Release|Win32
		{2C000686-0081-4D76-94EF-E83888459777}.Release|x86.Build.0 = Release|Win32
	EndGlobalSection
	GlobalSection(SolutionProperties) = preSolution
		HideSolutionNode = FALSE
	EndGlobalSection
	GlobalSection(ExtensibilityGlobals) = postSolution
		SolutionGuid = {029E1B71-8B4B-40E2-B0C1-652A4E398331}
	EndGlobalSection
EndGlobal
